
Microsoft Visual Studio Solution File, Format Version 11.00
# Visual Studio 2010
Project("{F2A71F9B-5D33-465A-A702-920D77279786}") = "roma.cli", "roma.cli\roma.cli.fsproj", "{B096BFDD-E194-436A-BD23-60E5AFA7A94B}"
EndProject
Project("{F2A71F9B-5D33-465A-A702-920D77279786}") = "roma.compiler", "roma.compiler\roma.compiler.fsproj", "{2967474B-7E70-4F29-97AF-A360E748BAA6}"
EndProject
Project("{F2A71F9B-5D33-465A-A702-920D77279786}") = "roma.cli.dump", "roma.cli.dump\roma.cli.dump.fsproj", "{8F9FF123-1D6F-4F11-9C54-0287874C97C2}"
EndProject
Project("{F2A71F9B-5D33-465A-A702-920D77279786}") = "roma.plang", "roma.plang\roma.plang.fsproj", "{3BB66EE6-C6C3-41F5-AE89-FB20E9327257}"
EndProject
Project("{F2A71F9B-5D33-465A-A702-920D77279786}") = "roma.cli.compiler", "roma.cli.compiler\roma.cli.compiler.fsproj", "{31665320-DE50-4CAF-A419-278027882FB1}"
EndProject
Global
	GlobalSection(SolutionConfigurationPlatforms) = preSolution
		Debug|Any CPU = Debug|Any CPU
		Release|Any CPU = Release|Any CPU
	EndGlobalSection
	GlobalSection(ProjectConfigurationPlatforms) = postSolution
		{B096BFDD-E194-436A-BD23-60E5AFA7A94B}.Debug|Any CPU.ActiveCfg = Debug|Any CPU
		{B096BFDD-E194-436A-BD23-60E5AFA7A94B}.Debug|Any CPU.Build.0 = Debug|Any CPU
		{B096BFDD-E194-436A-BD23-60E5AFA7A94B}.Release|Any CPU.ActiveCfg = Release|Any CPU
		{B096BFDD-E194-436A-BD23-60E5AFA7A94B}.Release|Any CPU.Build.0 = Release|Any CPU
		{2967474B-7E70-4F29-97AF-A360E748BAA6}.Debug|Any CPU.ActiveCfg = Debug|Any CPU
		{2967474B-7E70-4F29-97AF-A360E748BAA6}.Debug|Any CPU.Build.0 = Debug|Any CPU
		{2967474B-7E70-4F29-97AF-A360E748BAA6}.Release|Any CPU.ActiveCfg = Release|Any CPU
		{2967474B-7E70-4F29-97AF-A360E748BAA6}.Release|Any CPU.Build.0 = Release|Any CPU
		{8F9FF123-1D6F-4F11-9C54-0287874C97C2}.Debug|Any CPU.ActiveCfg = Debug|Any CPU
		{8F9FF123-1D6F-4F11-9C54-0287874C97C2}.Debug|Any CPU.Build.0 = Debug|Any CPU
		{8F9FF123-1D6F-4F11-9C54-0287874C97C2}.Release|Any CPU.ActiveCfg = Release|Any CPU
		{8F9FF123-1D6F-4F11-9C54-0287874C97C2}.Release|Any CPU.Build.0 = Release|Any CPU
		{3BB66EE6-C6C3-41F5-AE89-FB20E9327257}.Debug|Any CPU.ActiveCfg = Debug|Any CPU
		{3BB66EE6-C6C3-41F5-AE89-FB20E9327257}.Debug|Any CPU.Build.0 = Debug|Any CPU
		{3BB66EE6-C6C3-41F5-AE89-FB20E9327257}.Release|Any CPU.ActiveCfg = Release|Any CPU
		{3BB66EE6-C6C3-41F5-AE89-FB20E9327257}.Release|Any CPU.Build.0 = Release|Any CPU
		{31665320-DE50-4CAF-A419-278027882FB1}.Debug|Any CPU.ActiveCfg = Debug|Any CPU
		{31665320-DE50-4CAF-A419-278027882FB1}.Debug|Any CPU.Build.0 = Debug|Any CPU
		{31665320-DE50-4CAF-A419-278027882FB1}.Release|Any CPU.ActiveCfg = Release|Any CPU
		{31665320-DE50-4CAF-A419-278027882FB1}.Release|Any CPU.Build.0 = Release|Any CPU
	EndGlobalSection
	GlobalSection(SolutionProperties) = preSolution
		HideSolutionNode = FALSE
	EndGlobalSection
EndGlobal
